// !$*UTF8*$!
{
	archiveVersion = 1;
	classes = {
	};
	objectVersion = 55;
	objects = {

/* Begin PBXBuildFile section */
		4C05F63F28366FFC00876665 /* FirebaseMessaging in Frameworks */ = {isa = PBXBuildFile; productRef = 4C05F63E28366FFC00876665 /* FirebaseMessaging */; };
		4C3A0D0328350665002729F6 /* AppDelegate.swift in Sources */ = {isa = PBXBuildFile; fileRef = 4C3A0D0228350665002729F6 /* AppDelegate.swift */; };
		4C3A0D0528350665002729F6 /* SceneDelegate.swift in Sources */ = {isa = PBXBuildFile; fileRef = 4C3A0D0428350665002729F6 /* SceneDelegate.swift */; };
		4C3A0D0728350665002729F6 /* ViewController.swift in Sources */ = {isa = PBXBuildFile; fileRef = 4C3A0D0628350665002729F6 /* ViewController.swift */; };
		4C3A0D0A28350665002729F6 /* Main.storyboard in Resources */ = {isa = PBXBuildFile; fileRef = 4C3A0D0828350665002729F6 /* Main.storyboard */; };
		4C3A0D0C28350669002729F6 /* Assets.xcassets in Resources */ = {isa = PBXBuildFile; fileRef = 4C3A0D0B28350669002729F6 /* Assets.xcassets */; };
		4C3A0D0F28350669002729F6 /* LaunchScreen.storyboard in Resources */ = {isa = PBXBuildFile; fileRef = 4C3A0D0D28350669002729F6 /* LaunchScreen.storyboard */; };
		4CC5900D28366705003CC2DA /* GoogleService-Info.plist in Resources */ = {isa = PBXBuildFile; fileRef = 4CC5900C28366705003CC2DA /* GoogleService-Info.plist */; };
		4CECB370285075AF0060B752 /* LoginViewController.swift in Sources */ = {isa = PBXBuildFile; fileRef = 4CECB36F285075AF0060B752 /* LoginViewController.swift */; };
		4CECB3722850D8AF0060B752 /* HomeViewController.swift in Sources */ = {isa = PBXBuildFile; fileRef = 4CECB3712850D8AF0060B752 /* HomeViewController.swift */; };
		A7EFF2A16397AE0DE6E534FF /* Pods_inviteearndemo.framework in Frameworks */ = {isa = PBXBuildFile; fileRef = D10F952C24CCF84A3F6B600E /* Pods_inviteearndemo.framework */; };
/* End PBXBuildFile section */

/* Begin PBXFileReference section */
		0EACC18CFA684FA988BFD58A /* Pods-inviteearndemo.release.xcconfig */ = {isa = PBXFileReference; includeInIndex = 1; lastKnownFileType = text.xcconfig; name = "Pods-inviteearndemo.release.xcconfig"; path = "Target Support Files/Pods-inviteearndemo/Pods-inviteearndemo.release.xcconfig"; sourceTree = "<group>"; };
		4C3A0CFF28350665002729F6 /* inviteearndemo.app */ = {isa = PBXFileReference; explicitFileType = wrapper.application; includeInIndex = 0; path = inviteearndemo.app; sourceTree = BUILT_PRODUCTS_DIR; };
		4C3A0D0228350665002729F6 /* AppDelegate.swift */ = {isa = PBXFileReference; lastKnownFileType = sourcecode.swift; path = AppDelegate.swift; sourceTree = "<group>"; };
		4C3A0D0428350665002729F6 /* SceneDelegate.swift */ = {isa = PBXFileReference; lastKnownFileType = sourcecode.swift; path = SceneDelegate.swift; sourceTree = "<group>"; };
		4C3A0D0628350665002729F6 /* ViewController.swift */ = {isa = PBXFileReference; lastKnownFileType = sourcecode.swift; path = ViewController.swift; sourceTree = "<group>"; };
		4C3A0D0928350665002729F6 /* Base */ = {isa = PBXFileReference; lastKnownFileType = file.storyboard; name = Base; path = Base.lproj/Main.storyboard; sourceTree = "<group>"; };
		4C3A0D0B28350669002729F6 /* Assets.xcassets */ = {isa = PBXFileReference; lastKnownFileType = folder.assetcatalog; path = Assets.xcassets; sourceTree = "<group>"; };
		4C3A0D0E28350669002729F6 /* Base */ = {isa = PBXFileReference; lastKnownFileType = file.storyboard; name = Base; path = Base.lproj/LaunchScreen.storyboard; sourceTree = "<group>"; };
		4C3A0D1028350669002729F6 /* Info.plist */ = {isa = PBXFileReference; lastKnownFileType = text.plist.xml; path = Info.plist; sourceTree = "<group>"; };
		4C3A0D162835069B002729F6 /* inviteearndemo.entitlements */ = {isa = PBXFileReference; lastKnownFileType = text.plist.entitlements; path = inviteearndemo.entitlements; sourceTree = "<group>"; };
		4CC5900C28366705003CC2DA /* GoogleService-Info.plist */ = {isa = PBXFileReference; fileEncoding = 4; lastKnownFileType = text.plist.xml; path = "GoogleService-Info.plist"; sourceTree = "<group>"; };
		4CECB36F285075AF0060B752 /* LoginViewController.swift */ = {isa = PBXFileReference; lastKnownFileType = sourcecode.swift; path = LoginViewController.swift; sourceTree = "<group>"; };
		4CECB3712850D8AF0060B752 /* HomeViewController.swift */ = {isa = PBXFileReference; lastKnownFileType = sourcecode.swift; path = HomeViewController.swift; sourceTree = "<group>"; };
		CE89878BB726958212962E56 /* Pods-inviteearndemo.debug.xcconfig */ = {isa = PBXFileReference; includeInIndex = 1; lastKnownFileType = text.xcconfig; name = "Pods-inviteearndemo.debug.xcconfig"; path = "Target Support Files/Pods-inviteearndemo/Pods-inviteearndemo.debug.xcconfig"; sourceTree = "<group>"; };
		D10F952C24CCF84A3F6B600E /* Pods_inviteearndemo.framework */ = {isa = PBXFileReference; explicitFileType = wrapper.framework; includeInIndex = 0; path = Pods_inviteearndemo.framework; sourceTree = BUILT_PRODUCTS_DIR; };
/* End PBXFileReference section */

/* Begin PBXFrameworksBuildPhase section */
		4C3A0CFC28350665002729F6 /* Frameworks */ = {
			isa = PBXFrameworksBuildPhase;
			buildActionMask = 2147483647;
			files = (
				4C05F63F28366FFC00876665 /* FirebaseMessaging in Frameworks */,
				A7EFF2A16397AE0DE6E534FF /* Pods_inviteearndemo.framework in Frameworks */,
			);
			runOnlyForDeploymentPostprocessing = 0;
		};
/* End PBXFrameworksBuildPhase section */

/* Begin PBXGroup section */
		04827C7251EE0A8BAA601873 /* Pods */ = {
			isa = PBXGroup;
			children = (
				CE89878BB726958212962E56 /* Pods-inviteearndemo.debug.xcconfig */,
				0EACC18CFA684FA988BFD58A /* Pods-inviteearndemo.release.xcconfig */,
			);
			path = Pods;
			sourceTree = "<group>";
		};
		4C3A0CF628350665002729F6 = {
			isa = PBXGroup;
			children = (
				4C3A0D0128350665002729F6 /* inviteearndemo */,
				4C3A0D0028350665002729F6 /* Products */,
				04827C7251EE0A8BAA601873 /* Pods */,
				93FFFE81EB8B6E895B2759CB /* Frameworks */,
			);
			sourceTree = "<group>";
		};
		4C3A0D0028350665002729F6 /* Products */ = {
			isa = PBXGroup;
			children = (
				4C3A0CFF28350665002729F6 /* inviteearndemo.app */,
			);
			name = Products;
			sourceTree = "<group>";
		};
		4C3A0D0128350665002729F6 /* inviteearndemo */ = {
			isa = PBXGroup;
			children = (
				4CC5900C28366705003CC2DA /* GoogleService-Info.plist */,
				4C3A0D162835069B002729F6 /* inviteearndemo.entitlements */,
				4C3A0D0228350665002729F6 /* AppDelegate.swift */,
				4C3A0D0428350665002729F6 /* SceneDelegate.swift */,
				4C3A0D0628350665002729F6 /* ViewController.swift */,
				4C3A0D0828350665002729F6 /* Main.storyboard */,
				4CECB3712850D8AF0060B752 /* HomeViewController.swift */,
				4CECB36F285075AF0060B752 /* LoginViewController.swift */,
				4C3A0D0B28350669002729F6 /* Assets.xcassets */,
				4C3A0D0D28350669002729F6 /* LaunchScreen.storyboard */,
				4C3A0D1028350669002729F6 /* Info.plist */,
			);
			path = inviteearndemo;
			sourceTree = "<group>";
		};
		93FFFE81EB8B6E895B2759CB /* Frameworks */ = {
			isa = PBXGroup;
			children = (
				D10F952C24CCF84A3F6B600E /* Pods_inviteearndemo.framework */,
			);
			name = Frameworks;
			sourceTree = "<group>";
		};
/* End PBXGroup section */

/* Begin PBXNativeTarget section */
		4C3A0CFE28350665002729F6 /* inviteearndemo */ = {
			isa = PBXNativeTarget;
			buildConfigurationList = 4C3A0D1328350669002729F6 /* Build configuration list for PBXNativeTarget "inviteearndemo" */;
			buildPhases = (
				8180C2403DB66B01116AD7E6 /* [CP] Check Pods Manifest.lock */,
				4C3A0CFB28350665002729F6 /* Sources */,
				4C3A0CFC28350665002729F6 /* Frameworks */,
				4C3A0CFD28350665002729F6 /* Resources */,
				BB5E481EE9C45D0015139B24 /* [CP] Embed Pods Frameworks */,
			);
			buildRules = (
			);
			dependencies = (
			);
			name = inviteearndemo;
			packageProductDependencies = (
				4C05F63E28366FFC00876665 /* FirebaseMessaging */,
			);
			productName = inviteearndemo;
			productReference = 4C3A0CFF28350665002729F6 /* inviteearndemo.app */;
			productType = "com.apple.product-type.application";
		};
/* End PBXNativeTarget section */

/* Begin PBXProject section */
		4C3A0CF728350665002729F6 /* Project object */ = {
			isa = PBXProject;
			attributes = {
				BuildIndependentTargetsInParallel = 1;
				LastSwiftUpdateCheck = 1330;
				LastUpgradeCheck = 1330;
				TargetAttributes = {
					4C3A0CFE28350665002729F6 = {
						CreatedOnToolsVersion = 13.3.1;
					};
				};
			};
			buildConfigurationList = 4C3A0CFA28350665002729F6 /* Build configuration list for PBXProject "inviteearndemo" */;
			compatibilityVersion = "Xcode 13.0";
			developmentRegion = en;
			hasScannedForEncodings = 0;
			knownRegions = (
				en,
				Base,
			);
			mainGroup = 4C3A0CF628350665002729F6;
			packageReferences = (
				4C05F63D28366FFC00876665 /* XCRemoteSwiftPackageReference "firebase-ios-sdk" */,
			);
			productRefGroup = 4C3A0D0028350665002729F6 /* Products */;
			projectDirPath = "";
			projectRoot = "";
			targets = (
				4C3A0CFE28350665002729F6 /* inviteearndemo */,
			);
		};
/* End PBXProject section */

/* Begin PBXResourcesBuildPhase section */
		4C3A0CFD28350665002729F6 /* Resources */ = {
			isa = PBXResourcesBuildPhase;
			buildActionMask = 2147483647;
			files = (
				4C3A0D0F28350669002729F6 /* LaunchScreen.storyboard in Resources */,
				4CC5900D28366705003CC2DA /* GoogleService-Info.plist in Resources */,
				4C3A0D0C28350669002729F6 /* Assets.xcassets in Resources */,
				4C3A0D0A28350665002729F6 /* Main.storyboard in Resources */,
			);
			runOnlyForDeploymentPostprocessing = 0;
		};
/* End PBXResourcesBuildPhase section */

/* Begin PBXShellScriptBuildPhase section */
		8180C2403DB66B01116AD7E6 /* [CP] Check Pods Manifest.lock */ = {
			isa = PBXShellScriptBuildPhase;
			buildActionMask = 2147483647;
			files = (
			);
			inputFileListPaths = (
			);
			inputPaths = (
				"${PODS_PODFILE_DIR_PATH}/Podfile.lock",
				"${PODS_ROOT}/Manifest.lock",
			);
			name = "[CP] Check Pods Manifest.lock";
			outputFileListPaths = (
			);
			outputPaths = (
				"$(DERIVED_FILE_DIR)/Pods-inviteearndemo-checkManifestLockResult.txt",
			);
			runOnlyForDeploymentPostprocessing = 0;
			shellPath = /bin/sh;
			shellScript = "diff \"${PODS_PODFILE_DIR_PATH}/Podfile.lock\" \"${PODS_ROOT}/Manifest.lock\" > /dev/null\nif [ $? != 0 ] ; then\n    # print error to STDERR\n    echo \"error: The sandbox is not in sync with the Podfile.lock. Run 'pod install' or update your CocoaPods installation.\" >&2\n    exit 1\nfi\n# This output is used by Xcode 'outputs' to avoid re-running this script phase.\necho \"SUCCESS\" > \"${SCRIPT_OUTPUT_FILE_0}\"\n";
			showEnvVarsInLog = 0;
		};
		BB5E481EE9C45D0015139B24 /* [CP] Embed Pods Frameworks */ = {
			isa = PBXShellScriptBuildPhase;
			buildActionMask = 2147483647;
			files = (
			);
			inputFileListPaths = (
				"${PODS_ROOT}/Target Support Files/Pods-inviteearndemo/Pods-inviteearndemo-frameworks-${CONFIGURATION}-input-files.xcfilelist",
			);
			name = "[CP] Embed Pods Frameworks";
			outputFileListPaths = (
				"${PODS_ROOT}/Target Support Files/Pods-inviteearndemo/Pods-inviteearndemo-frameworks-${CONFIGURATION}-output-files.xcfilelist",
			);
			runOnlyForDeploymentPostprocessing = 0;
			shellPath = /bin/sh;
			shellScript = "\"${PODS_ROOT}/Target Support Files/Pods-inviteearndemo/Pods-inviteearndemo-frameworks.sh\"\n";
			showEnvVarsInLog = 0;
		};
/* End PBXShellScriptBuildPhase section */

/* Begin PBXSourcesBuildPhase section */
		4C3A0CFB28350665002729F6 /* Sources */ = {
			isa = PBXSourcesBuildPhase;
			buildActionMask = 2147483647;
			files = (
				4CECB3722850D8AF0060B752 /* HomeViewController.swift in Sources */,
				4CECB370285075AF0060B752 /* LoginViewController.swift in Sources */,
				4C3A0D0728350665002729F6 /* ViewController.swift in Sources */,
				4C3A0D0328350665002729F6 /* AppDelegate.swift in Sources */,
				4C3A0D0528350665002729F6 /* SceneDelegate.swift in Sources */,
			);
			runOnlyForDeploymentPostprocessing = 0;
		};
/* End PBXSourcesBuildPhase section */

/* Begin PBXVariantGroup section */
		4C3A0D0828350665002729F6 /* Main.storyboard */ = {
			isa = PBXVariantGroup;
			children = (
				4C3A0D0928350665002729F6 /* Base */,
			);
			name = Main.storyboard;
			sourceTree = "<group>";
		};
		4C3A0D0D28350669002729F6 /* LaunchScreen.storyboard */ = {
			isa = PBXVariantGroup;
			children = (
				4C3A0D0E28350669002729F6 /* Base */,
			);
			name = LaunchScreen.storyboard;
			sourceTree = "<group>";
		};
/* End PBXVariantGroup section */

/* Begin XCBuildConfiguration section */
		4C3A0D1128350669002729F6 /* Debug */ = {
			isa = XCBuildConfiguration;
			buildSettings = {
				ALWAYS_SEARCH_USER_PATHS = NO;
				CLANG_ANALYZER_NONNULL = YES;
				CLANG_ANALYZER_NUMBER_OBJECT_CONVERSION = YES_AGGRESSIVE;
				CLANG_CXX_LANGUAGE_STANDARD = "gnu++17";
				CLANG_ENABLE_MODULES = YES;
				CLANG_ENABLE_OBJC_ARC = YES;
				CLANG_ENABLE_OBJC_WEAK = YES;
				CLANG_WARN_BLOCK_CAPTURE_AUTORELEASING = YES;
				CLANG_WARN_BOOL_CONVERSION = YES;
				CLANG_WARN_COMMA = YES;
				CLANG_WARN_CONSTANT_CONVERSION = YES;
				CLANG_WARN_DEPRECATED_OBJC_IMPLEMENTATIONS = YES;
				CLANG_WARN_DIRECT_OBJC_ISA_USAGE = YES_ERROR;
				CLANG_WARN_DOCUMENTATION_COMMENTS = YES;
				CLANG_WARN_EMPTY_BODY = YES;
				CLANG_WARN_ENUM_CONVERSION = YES;
				CLANG_WARN_INFINITE_RECURSION = YES;
				CLANG_WARN_INT_CONVERSION = YES;
				CLANG_WARN_NON_LITERAL_NULL_CONVERSION = YES;
				CLANG_WARN_OBJC_IMPLICIT_RETAIN_SELF = YES;
				CLANG_WARN_OBJC_LITERAL_CONVERSION = YES;
				CLANG_WARN_OBJC_ROOT_CLASS = YES_ERROR;
				CLANG_WARN_QUOTED_INCLUDE_IN_FRAMEWORK_HEADER = YES;
				CLANG_WARN_RANGE_LOOP_ANALYSIS = YES;
				CLANG_WARN_STRICT_PROTOTYPES = YES;
				CLANG_WARN_SUSPICIOUS_MOVE = YES;
				CLANG_WARN_UNGUARDED_AVAILABILITY = YES_AGGRESSIVE;
				CLANG_WARN_UNREACHABLE_CODE = YES;
				CLANG_WARN__DUPLICATE_METHOD_MATCH = YES;
				COPY_PHASE_STRIP = NO;
				DEBUG_INFORMATION_FORMAT = dwarf;
				ENABLE_STRICT_OBJC_MSGSEND = YES;
				ENABLE_TESTABILITY = YES;
				GCC_C_LANGUAGE_STANDARD = gnu11;
				GCC_DYNAMIC_NO_PIC = NO;
				GCC_NO_COMMON_BLOCKS = YES;
				GCC_OPTIMIZATION_LEVEL = 0;
				GCC_PREPROCESSOR_DEFINITIONS = (
					"DEBUG=1",
					"$(inherited)",
				);
				GCC_WARN_64_TO_32_BIT_CONVERSION = YES;
				GCC_WARN_ABOUT_RETURN_TYPE = YES_ERROR;
				GCC_WARN_UNDECLARED_SELECTOR = YES;
				GCC_WARN_UNINITIALIZED_AUTOS = YES_AGGRESSIVE;
				GCC_WARN_UNUSED_FUNCTION = YES;
				GCC_WARN_UNUSED_VARIABLE = YES;
				IPHONEOS_DEPLOYMENT_TARGET = 12.4;
				MTL_ENABLE_DEBUG_INFO = INCLUDE_SOURCE;
				MTL_FAST_MATH = YES;
				ONLY_ACTIVE_ARCH = YES;
				SDKROOT = iphoneos;
				SWIFT_ACTIVE_COMPILATION_CONDITIONS = DEBUG;
				SWIFT_OPTIMIZATION_LEVEL = "-Onone";
			};
			name = Debug;
		};
		4C3A0D1228350669002729F6 /* Release */ = {
			isa = XCBuildConfiguration;
			buildSettings = {
				ALWAYS_SEARCH_USER_PATHS = NO;
				CLANG_ANALYZER_NONNULL = YES;
				CLANG_ANALYZER_NUMBER_OBJECT_CONVERSION = YES_AGGRESSIVE;
				CLANG_CXX_LANGUAGE_STANDARD = "gnu++17";
				CLANG_ENABLE_MODULES = YES;
				CLANG_ENABLE_OBJC_ARC = YES;
				CLANG_ENABLE_OBJC_WEAK = YES;
				CLANG_WARN_BLOCK_CAPTURE_AUTORELEASING = YES;
				CLANG_WARN_BOOL_CONVERSION = YES;
				CLANG_WARN_COMMA = YES;
				CLANG_WARN_CONSTANT_CONVERSION = YES;
				CLANG_WARN_DEPRECATED_OBJC_IMPLEMENTATIONS = YES;
				CLANG_WARN_DIRECT_OBJC_ISA_USAGE = YES_ERROR;
				CLANG_WARN_DOCUMENTATION_COMMENTS = YES;
				CLANG_WARN_EMPTY_BODY = YES;
				CLANG_WARN_ENUM_CONVERSION = YES;
				CLANG_WARN_INFINITE_RECURSION = YES;
				CLANG_WARN_INT_CONVERSION = YES;
				CLANG_WARN_NON_LITERAL_NULL_CONVERSION = YES;
				CLANG_WARN_OBJC_IMPLICIT_RETAIN_SELF = YES;
				CLANG_WARN_OBJC_LITERAL_CONVERSION = YES;
				CLANG_WARN_OBJC_ROOT_CLASS = YES_ERROR;
				CLANG_WARN_QUOTED_INCLUDE_IN_FRAMEWORK_HEADER = YES;
				CLANG_WARN_RANGE_LOOP_ANALYSIS = YES;
				CLANG_WARN_STRICT_PROTOTYPES = YES;
				CLANG_WARN_SUSPICIOUS_MOVE = YES;
				CLANG_WARN_UNGUARDED_AVAILABILITY = YES_AGGRESSIVE;
				CLANG_WARN_UNREACHABLE_CODE = YES;
				CLANG_WARN__DUPLICATE_METHOD_MATCH = YES;
				COPY_PHASE_STRIP = NO;
				DEBUG_INFORMATION_FORMAT = "dwarf-with-dsym";
				ENABLE_NS_ASSERTIONS = NO;
				ENABLE_STRICT_OBJC_MSGSEND = YES;
				GCC_C_LANGUAGE_STANDARD = gnu11;
				GCC_NO_COMMON_BLOCKS = YES;
				GCC_WARN_64_TO_32_BIT_CONVERSION = YES;
				GCC_WARN_ABOUT_RETURN_TYPE = YES_ERROR;
				GCC_WARN_UNDECLARED_SELECTOR = YES;
				GCC_WARN_UNINITIALIZED_AUTOS = YES_AGGRESSIVE;
				GCC_WARN_UNUSED_FUNCTION = YES;
				GCC_WARN_UNUSED_VARIABLE = YES;
				IPHONEOS_DEPLOYMENT_TARGET = 12.4;
				MTL_ENABLE_DEBUG_INFO = NO;
				MTL_FAST_MATH = YES;
				SDKROOT = iphoneos;
				SWIFT_COMPILATION_MODE = wholemodule;
				SWIFT_OPTIMIZATION_LEVEL = "-O";
				VALIDATE_PRODUCT = YES;
			};
			name = Release;
		};
		4C3A0D1428350669002729F6 /* Debug */ = {
			isa = XCBuildConfiguration;
			baseConfigurationReference = CE89878BB726958212962E56 /* Pods-inviteearndemo.debug.xcconfig */;
			buildSettings = {
				ASSETCATALOG_COMPILER_APPICON_NAME = AppIcon;
				ASSETCATALOG_COMPILER_GLOBAL_ACCENT_COLOR_NAME = AccentColor;
				CODE_SIGN_ENTITLEMENTS = inviteearndemo/inviteearndemo.entitlements;
				CODE_SIGN_STYLE = Automatic;
				CURRENT_PROJECT_VERSION = 1;
				DEVELOPMENT_TEAM = D8M6R2Z3Y8;
				ENABLE_HARDENED_RUNTIME = NO;
				GENERATE_INFOPLIST_FILE = YES;
				INFOPLIST_FILE = inviteearndemo/Info.plist;
				INFOPLIST_KEY_UIApplicationSupportsIndirectInputEvents = YES;
				INFOPLIST_KEY_UILaunchStoryboardName = LaunchScreen;
				INFOPLIST_KEY_UIMainStoryboardFile = Main;
				INFOPLIST_KEY_UISupportedInterfaceOrientations_iPad = "UIInterfaceOrientationPortrait UIInterfaceOrientationPortraitUpsideDown UIInterfaceOrientationLandscapeLeft UIInterfaceOrientationLandscapeRight";
				INFOPLIST_KEY_UISupportedInterfaceOrientations_iPhone = "UIInterfaceOrientationPortrait UIInterfaceOrientationLandscapeLeft UIInterfaceOrientationLandscapeRight";
				IPHONEOS_DEPLOYMENT_TARGET = 12.4;
				LD_RUNPATH_SEARCH_PATHS = (
					"$(inherited)",
					"@executable_path/Frameworks",
				);
				MARKETING_VERSION = 1.0;
				PRODUCT_BUNDLE_IDENTIFIER = com.theflyy.inviteearndemo;
				PRODUCT_NAME = "$(TARGET_NAME)";
				SWIFT_EMIT_LOC_STRINGS = YES;
				SWIFT_VERSION = 5.0;
				TARGETED_DEVICE_FAMILY = "1,2";
			};
			name = Debug;
		};
		4C3A0D1528350669002729F6 /* Release */ = {
			isa = XCBuildConfiguration;
			baseConfigurationReference = 0EACC18CFA684FA988BFD58A /* Pods-inviteearndemo.release.xcconfig */;
			buildSettings = {
				ASSETCATALOG_COMPILER_APPICON_NAME = AppIcon;
				ASSETCATALOG_COMPILER_GLOBAL_ACCENT_COLOR_NAME = AccentColor;
				CODE_SIGN_ENTITLEMENTS = inviteearndemo/inviteearndemo.entitlements;
				CODE_SIGN_STYLE = Automatic;
				CURRENT_PROJECT_VERSION = 1;
				DEVELOPMENT_TEAM = D8M6R2Z3Y8;
				ENABLE_HARDENED_RUNTIME = NO;
				GENERATE_INFOPLIST_FILE = YES;
				INFOPLIST_FILE = inviteearndemo/Info.plist;
				INFOPLIST_KEY_UIApplicationSupportsIndirectInputEvents = YES;
				INFOPLIST_KEY_UILaunchStoryboardName = LaunchScreen;
				INFOPLIST_KEY_UIMainStoryboardFile = Main;
				INFOPLIST_KEY_UISupportedInterfaceOrientations_iPad = "UIInterfaceOrientationPortrait UIInterfaceOrientationPortraitUpsideDown UIInterfaceOrientationLandscapeLeft UIInterfaceOrientationLandscapeRight";
				INFOPLIST_KEY_UISupportedInterfaceOrientations_iPhone = "UIInterfaceOrientationPortrait UIInterfaceOrientationLandscapeLeft UIInterfaceOrientationLandscapeRight";
				IPHONEOS_DEPLOYMENT_TARGET = 12.4;
				LD_RUNPATH_SEARCH_PATHS = (
					"$(inherited)",
					"@executable_path/Frameworks",
				);
				MARKETING_VERSION = 1.0;
				PRODUCT_BUNDLE_IDENTIFIER = com.theflyy.inviteearndemo;
				PRODUCT_NAME = "$(TARGET_NAME)";
				SWIFT_EMIT_LOC_STRINGS = YES;
				SWIFT_VERSION = 5.0;
				TARGETED_DEVICE_FAMILY = "1,2";
			};
			name = Release;
		};
/* End XCBuildConfiguration section */

/* Begin XCConfigurationList section */
		4C3A0CFA28350665002729F6 /* Build configuration list for PBXProject "inviteearndemo" */ = {
			isa = XCConfigurationList;
			buildConfigurations = (
				4C3A0D1128350669002729F6 /* Debug */,
				4C3A0D1228350669002729F6 /* Release */,
			);
			defaultConfigurationIsVisible = 0;
			defaultConfigurationName = Release;
		};
		4C3A0D1328350669002729F6 /* Build configuration list for PBXNativeTarget "inviteearndemo" */ = {
			isa = XCConfigurationList;
			buildConfigurations = (
				4C3A0D1428350669002729F6 /* Debug */,
				4C3A0D1528350669002729F6 /* Release */,
			);
			defaultConfigurationIsVisible = 0;
			defaultConfigurationName = Release;
		};
/* End XCConfigurationList section */

/* Begin XCRemoteSwiftPackageReference section */
		4C05F63D28366FFC00876665 /* XCRemoteSwiftPackageReference "firebase-ios-sdk" */ = {
			isa = XCRemoteSwiftPackageReference;
			repositoryURL = "https://github.com/firebase/firebase-ios-sdk";
			requirement = {
				kind = upToNextMajorVersion;
				minimumVersion = 9.0.0;
			};
		};
/* End XCRemoteSwiftPackageReference section */

/* Begin XCSwiftPackageProductDependency section */
		4C05F63E28366FFC00876665 /* FirebaseMessaging */ = {
			isa = XCSwiftPackageProductDependency;
			package = 4C05F63D28366FFC00876665 /* XCRemoteSwiftPackageReference "firebase-ios-sdk" */;
			productName = FirebaseMessaging;
		};
/* End XCSwiftPackageProductDependency section */
	};
	rootObject = 4C3A0CF728350665002729F6 /* Project object */;
}
